
Microsoft Visual Studio Solution File, Format Version 12.00
# Visual Studio Version 17
VisualStudioVersion = 17.5.002.0
MinimumVisualStudioVersion = 10.0.40219.1
Project("{9A19103F-16F7-4668-BE54-9A1E7A4F7556}") = "BlogApplication", "BlogApplication.csproj", "{B608C557-CB82-489C-8E56-8BADE9796B16}"
EndProject
Global
	GlobalSection(SolutionConfigurationPlatforms) = preSolution
		Debug|Any CPU = Debug|Any CPU
		Release|Any CPU = Release|Any CPU
	EndGlobalSection
	GlobalSection(ProjectConfigurationPlatforms) = postSolution
		{B608C557-CB82-489C-8E56-8BADE9796B16}.Debug|Any CPU.ActiveCfg = Debug|Any CPU
		{B608C557-CB82-489C-8E56-8BADE9796B16}.Debug|Any CPU.Build.0 = Debug|Any CPU
		{B608C557-CB82-489C-8E56-8BADE9796B16}.Release|Any CPU.ActiveCfg = Release|Any CPU
		{B608C557-CB82-489C-8E56-8BADE9796B16}.Release|Any CPU.Build.0 = Release|Any CPU
	EndGlobalSection
	GlobalSection(SolutionProperties) = preSolution
		HideSolutionNode = FALSE
	EndGlobalSection
	GlobalSection(ExtensibilityGlobals) = postSolution
		SolutionGuid = {3E888832-4A92-4EF6-A475-C4762683D446}
	EndGlobalSection
EndGlobal
